
Microsoft Visual Studio Solution File, Format Version 12.00
# Visual Studio Version 16
VisualStudioVersion = 16.0.31129.286
MinimumVisualStudioVersion = 10.0.40219.1
Project("{FAE04EC0-301F-11D3-BF4B-00C04F79EFBC}") = "StudentsAlishaWebAPI", "StudentsAlishaWebAPI\StudentsAlishaWebAPI.csproj", "{4EBB7512-F819-4D31-9BF0-798146CF529C}"
EndProject
Global
	GlobalSection(SolutionConfigurationPlatforms) = preSolution
		Debug|Any CPU = Debug|Any CPU
		Release|Any CPU = Release|Any CPU
	EndGlobalSection
	GlobalSection(ProjectConfigurationPlatforms) = postSolution
		{4EBB7512-F819-4D31-9BF0-798146CF529C}.Debug|Any CPU.ActiveCfg = Debug|Any CPU
		{4EBB7512-F819-4D31-9BF0-798146CF529C}.Debug|Any CPU.Build.0 = Debug|Any CPU
		{4EBB7512-F819-4D31-9BF0-798146CF529C}.Release|Any CPU.ActiveCfg = Release|Any CPU
		{4EBB7512-F819-4D31-9BF0-798146CF529C}.Release|Any CPU.Build.0 = Release|Any CPU
	EndGlobalSection
	GlobalSection(SolutionProperties) = preSolution
		HideSolutionNode = FALSE
	EndGlobalSection
	GlobalSection(ExtensibilityGlobals) = postSolution
		SolutionGuid = {235B396D-30D0-474D-8065-8874F1836BDB}
	EndGlobalSection
EndGlobal
